
Microsoft Visual Studio Solution File, Format Version 11.00
# Visual Studio 2010
# SharpDevelop 4.4
Project("{FD48973F-F585-4F70-812B-4D0503B36CE9}") = "Prog122a.2", "Prog122a.2.pyproj", "{B9F27C84-B02B-4076-B5B3-6BA5E53484F5}"
EndProject
Global
	GlobalSection(SolutionConfigurationPlatforms) = preSolution
		Debug|Any CPU = Debug|Any CPU
		Release|Any CPU = Release|Any CPU
	EndGlobalSection
	GlobalSection(ProjectConfigurationPlatforms) = postSolution
		{B9F27C84-B02B-4076-B5B3-6BA5E53484F5}.Debug|Any CPU.Build.0 = Debug|Any CPU
		{B9F27C84-B02B-4076-B5B3-6BA5E53484F5}.Debug|Any CPU.ActiveCfg = Debug|Any CPU
		{B9F27C84-B02B-4076-B5B3-6BA5E53484F5}.Release|Any CPU.Build.0 = Release|Any CPU
		{B9F27C84-B02B-4076-B5B3-6BA5E53484F5}.Release|Any CPU.ActiveCfg = Release|Any CPU
	EndGlobalSection
EndGlobal
