
Microsoft Visual Studio Solution File, Format Version 11.00
# Visual Studio 2010
# SharpDevelop 4.4
Project("{FD48973F-F585-4F70-812B-4D0503B36CE9}") = "Stadium", "Stadium\Stadium.pyproj", "{EA7C1183-A1CD-4CAE-9B42-C0A9954EC4D3}"
EndProject
Global
	GlobalSection(SolutionConfigurationPlatforms) = preSolution
		Debug|Any CPU = Debug|Any CPU
		Release|Any CPU = Release|Any CPU
	EndGlobalSection
	GlobalSection(ProjectConfigurationPlatforms) = postSolution
		{EA7C1183-A1CD-4CAE-9B42-C0A9954EC4D3}.Debug|Any CPU.Build.0 = Debug|Any CPU
		{EA7C1183-A1CD-4CAE-9B42-C0A9954EC4D3}.Debug|Any CPU.ActiveCfg = Debug|Any CPU
		{EA7C1183-A1CD-4CAE-9B42-C0A9954EC4D3}.Release|Any CPU.Build.0 = Release|Any CPU
		{EA7C1183-A1CD-4CAE-9B42-C0A9954EC4D3}.Release|Any CPU.ActiveCfg = Release|Any CPU
	EndGlobalSection
EndGlobal
