
Microsoft Visual Studio Solution File, Format Version 11.00
# Visual Studio 2010
# SharpDevelop 4.4
Project("{FD48973F-F585-4F70-812B-4D0503B36CE9}") = "FatCalc", "FatCalc.pyproj", "{5F9B8E56-F735-4DAF-A71B-9B728B0A983E}"
EndProject
Global
	GlobalSection(SolutionConfigurationPlatforms) = preSolution
		Debug|Any CPU = Debug|Any CPU
		Release|Any CPU = Release|Any CPU
	EndGlobalSection
	GlobalSection(ProjectConfigurationPlatforms) = postSolution
		{5F9B8E56-F735-4DAF-A71B-9B728B0A983E}.Debug|Any CPU.Build.0 = Debug|Any CPU
		{5F9B8E56-F735-4DAF-A71B-9B728B0A983E}.Debug|Any CPU.ActiveCfg = Debug|Any CPU
		{5F9B8E56-F735-4DAF-A71B-9B728B0A983E}.Release|Any CPU.Build.0 = Release|Any CPU
		{5F9B8E56-F735-4DAF-A71B-9B728B0A983E}.Release|Any CPU.ActiveCfg = Release|Any CPU
	EndGlobalSection
EndGlobal
