
Microsoft Visual Studio Solution File, Format Version 11.00
# Visual Studio 2010
# SharpDevelop 4.4
Project("{FD48973F-F585-4F70-812B-4D0503B36CE9}") = "Prog122h", "Prog122h\Prog122h.pyproj", "{867E93C1-3D12-4EB7-AA32-D7562041ED79}"
EndProject
Global
	GlobalSection(SolutionConfigurationPlatforms) = preSolution
		Debug|Any CPU = Debug|Any CPU
		Release|Any CPU = Release|Any CPU
	EndGlobalSection
	GlobalSection(ProjectConfigurationPlatforms) = postSolution
		{867E93C1-3D12-4EB7-AA32-D7562041ED79}.Debug|Any CPU.Build.0 = Debug|Any CPU
		{867E93C1-3D12-4EB7-AA32-D7562041ED79}.Debug|Any CPU.ActiveCfg = Debug|Any CPU
		{867E93C1-3D12-4EB7-AA32-D7562041ED79}.Release|Any CPU.Build.0 = Release|Any CPU
		{867E93C1-3D12-4EB7-AA32-D7562041ED79}.Release|Any CPU.ActiveCfg = Release|Any CPU
	EndGlobalSection
EndGlobal
