
Microsoft Visual Studio Solution File, Format Version 11.00
# Visual Studio 2010
# SharpDevelop 4.4
Project("{FD48973F-F585-4F70-812B-4D0503B36CE9}") = "BlackjackV3.0", "BlackjackV3.0\BlackjackV3.0.pyproj", "{D991BF84-3E5C-4873-A718-AE4D4A0EE6B9}"
EndProject
Global
	GlobalSection(SolutionConfigurationPlatforms) = preSolution
		Debug|Any CPU = Debug|Any CPU
		Release|Any CPU = Release|Any CPU
	EndGlobalSection
	GlobalSection(ProjectConfigurationPlatforms) = postSolution
		{D991BF84-3E5C-4873-A718-AE4D4A0EE6B9}.Debug|Any CPU.Build.0 = Debug|Any CPU
		{D991BF84-3E5C-4873-A718-AE4D4A0EE6B9}.Debug|Any CPU.ActiveCfg = Debug|Any CPU
		{D991BF84-3E5C-4873-A718-AE4D4A0EE6B9}.Release|Any CPU.Build.0 = Release|Any CPU
		{D991BF84-3E5C-4873-A718-AE4D4A0EE6B9}.Release|Any CPU.ActiveCfg = Release|Any CPU
	EndGlobalSection
EndGlobal
