
Microsoft Visual Studio Solution File, Format Version 11.00
# Visual Studio 2010
# SharpDevelop 4.4
Project("{FD48973F-F585-4F70-812B-4D0503B36CE9}") = "Prog122b", "Prog122b\Prog122b.pyproj", "{529CE1F5-A394-4E2E-9294-E365C96D900C}"
EndProject
Global
	GlobalSection(SolutionConfigurationPlatforms) = preSolution
		Debug|Any CPU = Debug|Any CPU
		Release|Any CPU = Release|Any CPU
	EndGlobalSection
	GlobalSection(ProjectConfigurationPlatforms) = postSolution
		{529CE1F5-A394-4E2E-9294-E365C96D900C}.Debug|Any CPU.Build.0 = Debug|Any CPU
		{529CE1F5-A394-4E2E-9294-E365C96D900C}.Debug|Any CPU.ActiveCfg = Debug|Any CPU
		{529CE1F5-A394-4E2E-9294-E365C96D900C}.Release|Any CPU.Build.0 = Release|Any CPU
		{529CE1F5-A394-4E2E-9294-E365C96D900C}.Release|Any CPU.ActiveCfg = Release|Any CPU
	EndGlobalSection
EndGlobal
