
Microsoft Visual Studio Solution File, Format Version 11.00
# Visual Studio 2010
# SharpDevelop 4.4
Project("{FD48973F-F585-4F70-812B-4D0503B36CE9}") = "Prog122C", "Prog122C\Prog122C.pyproj", "{1421779F-F5E9-41EE-B56D-CB8064054321}"
EndProject
Global
	GlobalSection(SolutionConfigurationPlatforms) = preSolution
		Debug|Any CPU = Debug|Any CPU
		Release|Any CPU = Release|Any CPU
	EndGlobalSection
	GlobalSection(ProjectConfigurationPlatforms) = postSolution
		{1421779F-F5E9-41EE-B56D-CB8064054321}.Debug|Any CPU.Build.0 = Debug|Any CPU
		{1421779F-F5E9-41EE-B56D-CB8064054321}.Debug|Any CPU.ActiveCfg = Debug|Any CPU
		{1421779F-F5E9-41EE-B56D-CB8064054321}.Release|Any CPU.Build.0 = Release|Any CPU
		{1421779F-F5E9-41EE-B56D-CB8064054321}.Release|Any CPU.ActiveCfg = Release|Any CPU
	EndGlobalSection
EndGlobal
