
Microsoft Visual Studio Solution File, Format Version 11.00
# Visual Studio 2010
# SharpDevelop 4.4
Project("{BD8E9625-815A-4BDB-B228-5D4F9C2541A1}") = "Name", "Name\Name.rbproj", "{D3D04181-C826-4C99-AD22-C5DF12EC7871}"
EndProject
Global
	GlobalSection(SolutionConfigurationPlatforms) = preSolution
		Debug|Any CPU = Debug|Any CPU
		Release|Any CPU = Release|Any CPU
	EndGlobalSection
	GlobalSection(ProjectConfigurationPlatforms) = postSolution
		{D3D04181-C826-4C99-AD22-C5DF12EC7871}.Debug|Any CPU.Build.0 = Debug|Any CPU
		{D3D04181-C826-4C99-AD22-C5DF12EC7871}.Debug|Any CPU.ActiveCfg = Debug|Any CPU
		{D3D04181-C826-4C99-AD22-C5DF12EC7871}.Release|Any CPU.Build.0 = Release|Any CPU
		{D3D04181-C826-4C99-AD22-C5DF12EC7871}.Release|Any CPU.ActiveCfg = Release|Any CPU
	EndGlobalSection
EndGlobal
