
Microsoft Visual Studio Solution File, Format Version 11.00
# Visual Studio 2010
# SharpDevelop 4.4
Project("{FD48973F-F585-4F70-812B-4D0503B36CE9}") = "prog152b", "prog152b\prog152b.pyproj", "{85536C31-69DD-41C7-9B7D-AFF657E3AB12}"
EndProject
Global
	GlobalSection(SolutionConfigurationPlatforms) = preSolution
		Debug|Any CPU = Debug|Any CPU
		Release|Any CPU = Release|Any CPU
	EndGlobalSection
	GlobalSection(ProjectConfigurationPlatforms) = postSolution
		{85536C31-69DD-41C7-9B7D-AFF657E3AB12}.Debug|Any CPU.Build.0 = Debug|Any CPU
		{85536C31-69DD-41C7-9B7D-AFF657E3AB12}.Debug|Any CPU.ActiveCfg = Debug|Any CPU
		{85536C31-69DD-41C7-9B7D-AFF657E3AB12}.Release|Any CPU.Build.0 = Release|Any CPU
		{85536C31-69DD-41C7-9B7D-AFF657E3AB12}.Release|Any CPU.ActiveCfg = Release|Any CPU
	EndGlobalSection
EndGlobal
