
Microsoft Visual Studio Solution File, Format Version 11.00
# Visual Studio 2010
# SharpDevelop 4.4
Project("{FD48973F-F585-4F70-812B-4D0503B36CE9}") = "Prog1221", "Prog1221\Prog1221.pyproj", "{BA4FCF9A-64F0-43AB-9944-DA761B01685E}"
EndProject
Global
	GlobalSection(SolutionConfigurationPlatforms) = preSolution
		Debug|Any CPU = Debug|Any CPU
		Release|Any CPU = Release|Any CPU
	EndGlobalSection
	GlobalSection(ProjectConfigurationPlatforms) = postSolution
		{BA4FCF9A-64F0-43AB-9944-DA761B01685E}.Debug|Any CPU.Build.0 = Debug|Any CPU
		{BA4FCF9A-64F0-43AB-9944-DA761B01685E}.Debug|Any CPU.ActiveCfg = Debug|Any CPU
		{BA4FCF9A-64F0-43AB-9944-DA761B01685E}.Release|Any CPU.Build.0 = Release|Any CPU
		{BA4FCF9A-64F0-43AB-9944-DA761B01685E}.Release|Any CPU.ActiveCfg = Release|Any CPU
	EndGlobalSection
EndGlobal
